<?xml version="1.0" encoding="UTF-8"?>
<Scheme
   LastUpgradeVersion = "0610"
   version = "1.3">
   <BuildAction
      parallelizeBuildables = "YES"
      buildImplicitDependencies = "YES">
      <BuildActionEntries>
         <BuildActionEntry
            buildForTesting = "YES"
            buildForRunning = "YES"
            buildForProfiling = "YES"
            buildForArchiving = "YES"
            buildForAnalyzing = "YES">
            <BuildableReference
               BuildableIdentifier = "primary"
               BlueprintIdentifier = "D28392151A864E250035094C"
               BuildableName = "&#x8cde;&#x5473;&#x671f;&#x9650;.app"
               BlueprintName = "&#x8cde;&#x5473;&#x671f;&#x9650;"
               ReferencedContainer = "container:&#x8cde;&#x5473;&#x671f;&#x9650;.xcodeproj">
            </BuildableReference>
         </BuildActionEntry>
         <BuildActionEntry
            buildForTesting = "YES"
            buildForRunning = "YES"
            buildForProfiling = "NO"
            buildForArchiving = "NO"
            buildForAnalyzing = "YES">
            <BuildableReference
               BuildableIdentifier = "primary"
               BlueprintIdentifier = "D283922E1A864E250035094C"
               BuildableName = "&#x8cde;&#x5473;&#x671f;&#x9650;Tests.xctest"
               BlueprintName = "&#x8cde;&#x5473;&#x671f;&#x9650;Tests"
               ReferencedContainer = "container:&#x8cde;&#x5473;&#x671f;&#x9650;.xcodeproj">
            </BuildableReference>
         </BuildActionEntry>
      </BuildActionEntries>
   </BuildAction>
   <TestAction
      selectedDebuggerIdentifier = "Xcode.DebuggerFoundation.Debugger.LLDB"
      selectedLauncherIdentifier = "Xcode.DebuggerFoundation.Launcher.LLDB"
      shouldUseLaunchSchemeArgsEnv = "YES"
      buildConfiguration = "Debug">
      <Testables>
         <TestableReference
            skipped = "NO">
            <BuildableReference
               BuildableIdentifier = "primary"
               BlueprintIdentifier = "D283922E1A864E250035094C"
               BuildableName = "&#x8cde;&#x5473;&#x671f;&#x9650;Tests.xctest"
               BlueprintName = "&#x8cde;&#x5473;&#x671f;&#x9650;Tests"
               ReferencedContainer = "container:&#x8cde;&#x5473;&#x671f;&#x9650;.xcodeproj">
            </BuildableReference>
         </TestableReference>
      </Testables>
      <MacroExpansion>
         <BuildableReference
            BuildableIdentifier = "primary"
            BlueprintIdentifier = "D28392151A864E250035094C"
            BuildableName = "&#x8cde;&#x5473;&#x671f;&#x9650;.app"
            BlueprintName = "&#x8cde;&#x5473;&#x671f;&#x9650;"
            ReferencedContainer = "container:&#x8cde;&#x5473;&#x671f;&#x9650;.xcodeproj">
         </BuildableReference>
      </MacroExpansion>
   </TestAction>
   <LaunchAction
      selectedDebuggerIdentifier = "Xcode.DebuggerFoundation.Debugger.LLDB"
      selectedLauncherIdentifier = "Xcode.DebuggerFoundation.Launcher.LLDB"
      launchStyle = "0"
      useCustomWorkingDirectory = "NO"
      buildConfiguration = "Debug"
      ignoresPersistentStateOnLaunch = "NO"
      debugDocumentVersioning = "YES"
      allowLocationSimulation = "YES">
      <BuildableProductRunnable
         runnableDebuggingMode = "0">
         <BuildableReference
            BuildableIdentifier = "primary"
            BlueprintIdentifier = "D28392151A864E250035094C"
            BuildableName = "&#x8cde;&#x5473;&#x671f;&#x9650;.app"
            BlueprintName = "&#x8cde;&#x5473;&#x671f;&#x9650;"
            ReferencedContainer = "container:&#x8cde;&#x5473;&#x671f;&#x9650;.xcodeproj">
         </BuildableReference>
      </BuildableProductRunnable>
      <CommandLineArguments>
         <CommandLineArgument
            argument = "&#x8cde;&#x5473;&#x671f;&#x9650;(ja)"
            isEnabled = "NO">
         </CommandLineArgument>
         <CommandLineArgument
            argument = "-AppleLanguages (ja)"
            isEnabled = "YES">
         </CommandLineArgument>
      </CommandLineArguments>
      <AdditionalOptions>
      </AdditionalOptions>
   </LaunchAction>
   <ProfileAction
      shouldUseLaunchSchemeArgsEnv = "YES"
      savedToolIdentifier = ""
      useCustomWorkingDirectory = "NO"
      buildConfiguration = "Release"
      debugDocumentVersioning = "YES">
      <BuildableProductRunnable
         runnableDebuggingMode = "0">
         <BuildableReference
            BuildableIdentifier = "primary"
            BlueprintIdentifier = "D28392151A864E250035094C"
            BuildableName = "&#x8cde;&#x5473;&#x671f;&#x9650;.app"
            BlueprintName = "&#x8cde;&#x5473;&#x671f;&#x9650;"
            ReferencedContainer = "container:&#x8cde;&#x5473;&#x671f;&#x9650;.xcodeproj">
         </BuildableReference>
      </BuildableProductRunnable>
   </ProfileAction>
   <AnalyzeAction
      buildConfiguration = "Debug">
   </AnalyzeAction>
   <ArchiveAction
      buildConfiguration = "Release"
      revealArchiveInOrganizer = "YES">
   </ArchiveAction>
</Scheme>
